{
  "name": "backend-engine-demo-example",
  "version": "0.1.0",
  "lockfileVersion": 3,
  "requires": true,
  "packages": {
    "": {
      "name": "backend-engine-demo-example",
      "version": "0.1.0",
      "dependencies": {
        "@pilser/backend-engine": "^0.1.0"
      }
    },
    "node_modules/@pilser/backend-engine": {
      "version": "0.1.0",
      "resolved": "https://registry.npmjs.org/@pilser/backend-engine/-/backend-engine-0.1.0.tgz",
      "integrity": "sha512-qD6OGQZqBWtRYyPgbW3uWtqMCt5kcntjdk9a4ZDYP7nGBasKYJAXoVbjGf2xFjDOXVuDmj1v8hfvN/lhrZhdJg==",
      "license": "MIT"
    }
  }
}
