{
  "name": "serverless-worker-demo-example",
  "version": "0.1.0",
  "lockfileVersion": 3,
  "requires": true,
  "packages": {
    "": {
      "name": "serverless-worker-demo-example",
      "version": "0.1.0",
      "dependencies": {
        "@pilser/serverless-worker": "^0.1.0"
      }
    },
    "node_modules/@pilser/serverless-worker": {
      "version": "0.1.0",
      "resolved": "https://registry.npmjs.org/@pilser/serverless-worker/-/serverless-worker-0.1.0.tgz",
      "integrity": "sha512-Ky4BLPDhZX6AnqCdtHzfpVLmgewwSStIdTpjXSm6VxejxKj6M8ixI4R/kA74rR0m8V/eTss5Gc/Fn8IC0FcvDQ==",
      "license": "MIT"
    }
  }
}
